
Microsoft Visual Studio Solution File, Format Version 12.00
# Visual Studio Version 17
VisualStudioVersion = 17.5.33627.172
MinimumVisualStudioVersion = 10.0.40219.1
Project("{FAE04EC0-301F-11D3-BF4B-00C04F79EFBC}") = "ConsoleApp1", "ConsoleApp1\ConsoleApp1.csproj", "{F901F66A-63B3-4243-8AC0-F587A3AB1758}"
EndProject
Global
	GlobalSection(SolutionConfigurationPlatforms) = preSolution
		Debug|Any CPU = Debug|Any CPU
		Release|Any CPU = Release|Any CPU
	EndGlobalSection
	GlobalSection(ProjectConfigurationPlatforms) = postSolution
		{F901F66A-63B3-4243-8AC0-F587A3AB1758}.Debug|Any CPU.ActiveCfg = Debug|Any CPU
		{F901F66A-63B3-4243-8AC0-F587A3AB1758}.Debug|Any CPU.Build.0 = Debug|Any CPU
		{F901F66A-63B3-4243-8AC0-F587A3AB1758}.Release|Any CPU.ActiveCfg = Release|Any CPU
		{F901F66A-63B3-4243-8AC0-F587A3AB1758}.Release|Any CPU.Build.0 = Release|Any CPU
	EndGlobalSection
	GlobalSection(SolutionProperties) = preSolution
		HideSolutionNode = FALSE
	EndGlobalSection
	GlobalSection(ExtensibilityGlobals) = postSolution
		SolutionGuid = {78AB1929-EE31-4B72-9BC7-AA9C54D3B155}
	EndGlobalSection
EndGlobal
